// !$*UTF8*$!
{
	archiveVersion = 1;
	classes = {
	};
	objectVersion = 50;
	objects = {

/* Begin PBXBuildFile section */
		0EC326BF77638BE94DEAF94A /* libPods-WXChat.a in Frameworks */ = {isa = PBXBuildFile; fileRef = A46496228D8784C962820110 /* libPods-WXChat.a */; };
		2A042CDC2277EA3E0075582B /* WXFriendViewController.m in Sources */ = {isa = PBXBuildFile; fileRef = 2A042CDB2277EA3E0075582B /* WXFriendViewController.m */; };
		2A28B16D22802B1100B224F4 /* MomentUtil.m in Sources */ = {isa = PBXBuildFile; fileRef = 2A28B14822802B1100B224F4 /* MomentUtil.m */; };
		2A28B16E22802B1100B224F4 /* MomentConstant.m in Sources */ = {isa = PBXBuildFile; fileRef = 2A28B14922802B1100B224F4 /* MomentConstant.m */; };
		2A28B16F22802B1100B224F4 /* MLLabelUtil.m in Sources */ = {isa = PBXBuildFile; fileRef = 2A28B14A22802B1100B224F4 /* MLLabelUtil.m */; };
		2A28B17022802B1100B224F4 /* WKWebViewController.m in Sources */ = {isa = PBXBuildFile; fileRef = 2A28B15122802B1100B224F4 /* WKWebViewController.m */; };
		2A28B17122802B1100B224F4 /* MMLocationViewController.m in Sources */ = {isa = PBXBuildFile; fileRef = 2A28B15322802B1100B224F4 /* MMLocationViewController.m */; };
		2A28B17222802B1100B224F4 /* MomentViewController.m in Sources */ = {isa = PBXBuildFile; fileRef = 2A28B15522802B1100B224F4 /* MomentViewController.m */; };
		2A28B17322802B1100B224F4 /* Moment.m in Sources */ = {isa = PBXBuildFile; fileRef = 2A28B15822802B1100B224F4 /* Moment.m */; };
		2A28B17422802B1100B224F4 /* MPicture.m in Sources */ = {isa = PBXBuildFile; fileRef = 2A28B15A22802B1100B224F4 /* MPicture.m */; };
		2A28B17522802B1100B224F4 /* MUser.m in Sources */ = {isa = PBXBuildFile; fileRef = 2A28B15B22802B1100B224F4 /* MUser.m */; };
		2A28B17622802B1100B224F4 /* Comment.m in Sources */ = {isa = PBXBuildFile; fileRef = 2A28B15C22802B1100B224F4 /* Comment.m */; };
		2A28B17722802B1100B224F4 /* MLocation.m in Sources */ = {isa = PBXBuildFile; fileRef = 2A28B15F22802B1100B224F4 /* MLocation.m */; };
		2A28B17822802B1100B224F4 /* MMImageListView.m in Sources */ = {isa = PBXBuildFile; fileRef = 2A28B16422802B1100B224F4 /* MMImageListView.m */; };
		2A28B17922802B1100B224F4 /* MMCommentInputView.m in Sources */ = {isa = PBXBuildFile; fileRef = 2A28B16722802B1100B224F4 /* MMCommentInputView.m */; };
		2A28B17A22802B1100B224F4 /* MMImagePreviewView.m in Sources */ = {isa = PBXBuildFile; fileRef = 2A28B16822802B1100B224F4 /* MMImagePreviewView.m */; };
		2A28B17B22802B1100B224F4 /* MomentCell.m in Sources */ = {isa = PBXBuildFile; fileRef = 2A28B16922802B1100B224F4 /* MomentCell.m */; };
		2A28B17C22802B1100B224F4 /* MMOperateMenuView.m in Sources */ = {isa = PBXBuildFile; fileRef = 2A28B16B22802B1100B224F4 /* MMOperateMenuView.m */; };
		2A28B18322802C9500B224F4 /* JKDBModel.m in Sources */ = {isa = PBXBuildFile; fileRef = 2A28B17F22802C9500B224F4 /* JKDBModel.m */; };
		2A28B18422802C9500B224F4 /* JKDBHelper.m in Sources */ = {isa = PBXBuildFile; fileRef = 2A28B18022802C9500B224F4 /* JKDBHelper.m */; };
		2A28B18F2280311500B224F4 /* NSString+Letter.m in Sources */ = {isa = PBXBuildFile; fileRef = 2A28B1882280311400B224F4 /* NSString+Letter.m */; };
		2A28B1902280311500B224F4 /* UIView+Geometry.m in Sources */ = {isa = PBXBuildFile; fileRef = 2A28B18A2280311500B224F4 /* UIView+Geometry.m */; };
		2A28B1912280311500B224F4 /* UIScrollView+Category.m in Sources */ = {isa = PBXBuildFile; fileRef = 2A28B18C2280311500B224F4 /* UIScrollView+Category.m */; };
		2A28B1922280311500B224F4 /* Utility.m in Sources */ = {isa = PBXBuildFile; fileRef = 2A28B18D2280311500B224F4 /* Utility.m */; };
		2A28B1932280311500B224F4 /* JPinYinUtil.m in Sources */ = {isa = PBXBuildFile; fileRef = 2A28B18E2280311500B224F4 /* JPinYinUtil.m */; };
		2A28B197228034C600B224F4 /* MMTableView.m in Sources */ = {isa = PBXBuildFile; fileRef = 2A28B196228034C500B224F4 /* MMTableView.m */; };
		2A4D473E229D26CC00D3FE2C /* FoldingCell.swift in Sources */ = {isa = PBXBuildFile; fileRef = 2A4D473D229D26CC00D3FE2C /* FoldingCell.swift */; };
		2A4D4741229D273E00D3FE2C /* WXFoldingCell.swift in Sources */ = {isa = PBXBuildFile; fileRef = 2A4D473F229D273E00D3FE2C /* WXFoldingCell.swift */; };
		2A4D4742229D273E00D3FE2C /* WXFoldingCell.xib in Resources */ = {isa = PBXBuildFile; fileRef = 2A4D4740229D273E00D3FE2C /* WXFoldingCell.xib */; };
		2AC1F479229BEE180041696E /* SDEyeAnimationView.m in Sources */ = {isa = PBXBuildFile; fileRef = 2AC1F476229BEE180041696E /* SDEyeAnimationView.m */; };
		2AC1F47A229BEE180041696E /* DiscoverViewController.m in Sources */ = {isa = PBXBuildFile; fileRef = 2AC1F478229BEE180041696E /* DiscoverViewController.m */; };
		2AC1F480229BEEA60041696E /* SDShortVideoController.m in Sources */ = {isa = PBXBuildFile; fileRef = 2AC1F47C229BEEA60041696E /* SDShortVideoController.m */; };
		2AC1F481229BEEA60041696E /* SDShortVideoProgressView.m in Sources */ = {isa = PBXBuildFile; fileRef = 2AC1F47F229BEEA60041696E /* SDShortVideoProgressView.m */; };
		2ACD5EB12271539400A24BF6 /* AppDelegate.m in Sources */ = {isa = PBXBuildFile; fileRef = 2ACD5EB02271539400A24BF6 /* AppDelegate.m */; };
		2ACD5EB42271539400A24BF6 /* ViewController.m in Sources */ = {isa = PBXBuildFile; fileRef = 2ACD5EB32271539400A24BF6 /* ViewController.m */; };
		2ACD5EB72271539400A24BF6 /* Main.storyboard in Resources */ = {isa = PBXBuildFile; fileRef = 2ACD5EB52271539400A24BF6 /* Main.storyboard */; };
		2ACD5EB92271539600A24BF6 /* Assets.xcassets in Resources */ = {isa = PBXBuildFile; fileRef = 2ACD5EB82271539600A24BF6 /* Assets.xcassets */; };
		2ACD5EBC2271539600A24BF6 /* LaunchScreen.storyboard in Resources */ = {isa = PBXBuildFile; fileRef = 2ACD5EBA2271539600A24BF6 /* LaunchScreen.storyboard */; };
		2ACD5EBF2271539600A24BF6 /* main.m in Sources */ = {isa = PBXBuildFile; fileRef = 2ACD5EBE2271539600A24BF6 /* main.m */; };
		2ACD5EC92271539600A24BF6 /* WXChatTests.m in Sources */ = {isa = PBXBuildFile; fileRef = 2ACD5EC82271539600A24BF6 /* WXChatTests.m */; };
		2ACD5ED42271539600A24BF6 /* WXChatUITests.m in Sources */ = {isa = PBXBuildFile; fileRef = 2ACD5ED32271539600A24BF6 /* WXChatUITests.m */; };
		2ACD5EE622715D3A00A24BF6 /* WXTabBarController.m in Sources */ = {isa = PBXBuildFile; fileRef = 2ACD5EE522715D3A00A24BF6 /* WXTabBarController.m */; };
		2ACD5EEE227197A700A24BF6 /* WXNavigationController.m in Sources */ = {isa = PBXBuildFile; fileRef = 2ACD5EED227197A700A24BF6 /* WXNavigationController.m */; };
		2ADDBA0522A4D0120006C42A /* WXGroupViewController.m in Sources */ = {isa = PBXBuildFile; fileRef = 2ADDBA0122A4D0120006C42A /* WXGroupViewController.m */; };
		2ADDBA0822A4D02F0006C42A /* EMInviteGroupMemberViewController.m in Sources */ = {isa = PBXBuildFile; fileRef = 2ADDBA0722A4D02F0006C42A /* EMInviteGroupMemberViewController.m */; };
		2ADDBA1222A4D22A0006C42A /* UIViewController+Search.m in Sources */ = {isa = PBXBuildFile; fileRef = 2ADDBA0A22A4D22A0006C42A /* UIViewController+Search.m */; };
		2ADDBA1322A4D22A0006C42A /* EMSearchResultController.m in Sources */ = {isa = PBXBuildFile; fileRef = 2ADDBA0B22A4D22A0006C42A /* EMSearchResultController.m */; };
		2ADDBA1422A4D22A0006C42A /* EMSearchBar.m in Sources */ = {isa = PBXBuildFile; fileRef = 2ADDBA0C22A4D22A0006C42A /* EMSearchBar.m */; };
		2ADDBA1522A4D22A0006C42A /* EMSearchViewController.m in Sources */ = {isa = PBXBuildFile; fileRef = 2ADDBA0D22A4D22A0006C42A /* EMSearchViewController.m */; };
		2ADDBA1822A4D2850006C42A /* EMRefreshViewController.m in Sources */ = {isa = PBXBuildFile; fileRef = 2ADDBA1722A4D2850006C42A /* EMRefreshViewController.m */; };
		2ADDBA1B22A4D3CB0006C42A /* EMRealtimeSearch.m in Sources */ = {isa = PBXBuildFile; fileRef = 2ADDBA1A22A4D3CB0006C42A /* EMRealtimeSearch.m */; };
		2ADDBA2022A4D4E70006C42A /* EMAvatarNameCell.m in Sources */ = {isa = PBXBuildFile; fileRef = 2ADDBA1C22A4D4E60006C42A /* EMAvatarNameCell.m */; };
		2ADDBA2122A4D4E70006C42A /* EMBadgeLabel.m in Sources */ = {isa = PBXBuildFile; fileRef = 2ADDBA1D22A4D4E70006C42A /* EMBadgeLabel.m */; };
		2ADDBA2422A4EE830006C42A /* YCMenuView.m in Sources */ = {isa = PBXBuildFile; fileRef = 2ADDBA2322A4EE830006C42A /* YCMenuView.m */; };
		2ADDBA2722A4FF5A0006C42A /* WXPresentNavigationController.m in Sources */ = {isa = PBXBuildFile; fileRef = 2ADDBA2622A4FF5A0006C42A /* WXPresentNavigationController.m */; };
		2ADDBA2D22A518F50006C42A /* UIImage+ColorImage.m in Sources */ = {isa = PBXBuildFile; fileRef = 2ADDBA2C22A518F50006C42A /* UIImage+ColorImage.m */; };
		2AEE8BAF22857EEF00103A9E /* WXConversationListViewController.m in Sources */ = {isa = PBXBuildFile; fileRef = 2AEE8BAB22857EEF00103A9E /* WXConversationListViewController.m */; };
		2AEE8BB022857EEF00103A9E /* WXChatViewController.m in Sources */ = {isa = PBXBuildFile; fileRef = 2AEE8BAC22857EEF00103A9E /* WXChatViewController.m */; };
		2AEE8BBA2285819700103A9E /* WXUsersListViewController.m in Sources */ = {isa = PBXBuildFile; fileRef = 2AEE8BB92285819700103A9E /* WXUsersListViewController.m */; };
		2AF962C222A65FF3005FAC61 /* WXUsersListService.m in Sources */ = {isa = PBXBuildFile; fileRef = 2AF962C122A65FF3005FAC61 /* WXUsersListService.m */; };
		CE5B98EF22A56F6F00B608E4 /* todo.text in Resources */ = {isa = PBXBuildFile; fileRef = CE5B98EE22A56F6F00B608E4 /* todo.text */; };
/* End PBXBuildFile section */

/* Begin PBXContainerItemProxy section */
		2ACD5EC52271539600A24BF6 /* PBXContainerItemProxy */ = {
			isa = PBXContainerItemProxy;
			containerPortal = 2ACD5EA42271539400A24BF6 /* Project object */;
			proxyType = 1;
			remoteGlobalIDString = 2ACD5EAB2271539400A24BF6;
			remoteInfo = WXChat;
		};
		2ACD5ED02271539600A24BF6 /* PBXContainerItemProxy */ = {
			isa = PBXContainerItemProxy;
			containerPortal = 2ACD5EA42271539400A24BF6 /* Project object */;
			proxyType = 1;
			remoteGlobalIDString = 2ACD5EAB2271539400A24BF6;
			remoteInfo = WXChat;
		};
/* End PBXContainerItemProxy section */

/* Begin PBXFileReference section */
		1819C161891D6A6D3180248E /* Pods-WXChat.release.xcconfig */ = {isa = PBXFileReference; includeInIndex = 1; lastKnownFileType = text.xcconfig; name = "Pods-WXChat.release.xcconfig"; path = "Target Support Files/Pods-WXChat/Pods-WXChat.release.xcconfig"; sourceTree = "<group>"; };
		2A042CDA2277EA3E0075582B /* WXFriendViewController.h */ = {isa = PBXFileReference; lastKnownFileType = sourcecode.c.h; path = WXFriendViewController.h; sourceTree = "<group>"; };
		2A042CDB2277EA3E0075582B /* WXFriendViewController.m */ = {isa = PBXFileReference; lastKnownFileType = sourcecode.c.objc; path = WXFriendViewController.m; sourceTree = "<group>"; };
		2A28B14822802B1100B224F4 /* MomentUtil.m */ = {isa = PBXFileReference; fileEncoding = 4; lastKnownFileType = sourcecode.c.objc; path = MomentUtil.m; sourceTree = "<group>"; };
		2A28B14922802B1100B224F4 /* MomentConstant.m */ = {isa = PBXFileReference; fileEncoding = 4; lastKnownFileType = sourcecode.c.objc; path = MomentConstant.m; sourceTree = "<group>"; };
		2A28B14A22802B1100B224F4 /* MLLabelUtil.m */ = {isa = PBXFileReference; fileEncoding = 4; lastKnownFileType = sourcecode.c.objc; path = MLLabelUtil.m; sourceTree = "<group>"; };
		2A28B14B22802B1100B224F4 /* MomentMacros.h */ = {isa = PBXFileReference; fileEncoding = 4; lastKnownFileType = sourcecode.c.h; path = MomentMacros.h; sourceTree = "<group>"; };
		2A28B14C22802B1100B224F4 /* MomentUtil.h */ = {isa = PBXFileReference; fileEncoding = 4; lastKnownFileType = sourcecode.c.h; path = MomentUtil.h; sourceTree = "<group>"; };
		2A28B14D22802B1100B224F4 /* MLLabelUtil.h */ = {isa = PBXFileReference; fileEncoding = 4; lastKnownFileType = sourcecode.c.h; path = MLLabelUtil.h; sourceTree = "<group>"; };
		2A28B14E22802B1100B224F4 /* MomentConstant.h */ = {isa = PBXFileReference; fileEncoding = 4; lastKnownFileType = sourcecode.c.h; path = MomentConstant.h; sourceTree = "<group>"; };
		2A28B15022802B1100B224F4 /* MMLocationViewController.h */ = {isa = PBXFileReference; fileEncoding = 4; lastKnownFileType = sourcecode.c.h; path = MMLocationViewController.h; sourceTree = "<group>"; };
		2A28B15122802B1100B224F4 /* WKWebViewController.m */ = {isa = PBXFileReference; fileEncoding = 4; lastKnownFileType = sourcecode.c.objc; path = WKWebViewController.m; sourceTree = "<group>"; };
		2A28B15222802B1100B224F4 /* MomentViewController.h */ = {isa = PBXFileReference; fileEncoding = 4; lastKnownFileType = sourcecode.c.h; path = MomentViewController.h; sourceTree = "<group>"; };
		2A28B15322802B1100B224F4 /* MMLocationViewController.m */ = {isa = PBXFileReference; fileEncoding = 4; lastKnownFileType = sourcecode.c.objc; path = MMLocationViewController.m; sourceTree = "<group>"; };
		2A28B15422802B1100B224F4 /* WKWebViewController.h */ = {isa = PBXFileReference; fileEncoding = 4; lastKnownFileType = sourcecode.c.h; path = WKWebViewController.h; sourceTree = "<group>"; };
		2A28B15522802B1100B224F4 /* MomentViewController.m */ = {isa = PBXFileReference; fileEncoding = 4; lastKnownFileType = sourcecode.c.objc; path = MomentViewController.m; sourceTree = "<group>"; };
		2A28B15722802B1100B224F4 /* Comment.h */ = {isa = PBXFileReference; fileEncoding = 4; lastKnownFileType = sourcecode.c.h; path = Comment.h; sourceTree = "<group>"; };
		2A28B15822802B1100B224F4 /* Moment.m */ = {isa = PBXFileReference; fileEncoding = 4; lastKnownFileType = sourcecode.c.objc; path = Moment.m; sourceTree = "<group>"; };
		2A28B15922802B1100B224F4 /* MLocation.h */ = {isa = PBXFileReference; fileEncoding = 4; lastKnownFileType = sourcecode.c.h; path = MLocation.h; sourceTree = "<group>"; };
		2A28B15A22802B1100B224F4 /* MPicture.m */ = {isa = PBXFileReference; fileEncoding = 4; lastKnownFileType = sourcecode.c.objc; path = MPicture.m; sourceTree = "<group>"; };
		2A28B15B22802B1100B224F4 /* MUser.m */ = {isa = PBXFileReference; fileEncoding = 4; lastKnownFileType = sourcecode.c.objc; path = MUser.m; sourceTree = "<group>"; };
		2A28B15C22802B1100B224F4 /* Comment.m */ = {isa = PBXFileReference; fileEncoding = 4; lastKnownFileType = sourcecode.c.objc; path = Comment.m; sourceTree = "<group>"; };
		2A28B15D22802B1100B224F4 /* MUser.h */ = {isa = PBXFileReference; fileEncoding = 4; lastKnownFileType = sourcecode.c.h; path = MUser.h; sourceTree = "<group>"; };
		2A28B15E22802B1100B224F4 /* MPicture.h */ = {isa = PBXFileReference; fileEncoding = 4; lastKnownFileType = sourcecode.c.h; path = MPicture.h; sourceTree = "<group>"; };
		2A28B15F22802B1100B224F4 /* MLocation.m */ = {isa = PBXFileReference; fileEncoding = 4; lastKnownFileType = sourcecode.c.objc; path = MLocation.m; sourceTree = "<group>"; };
		2A28B16022802B1100B224F4 /* Moment.h */ = {isa = PBXFileReference; fileEncoding = 4; lastKnownFileType = sourcecode.c.h; path = Moment.h; sourceTree = "<group>"; };
		2A28B16222802B1100B224F4 /* MMImagePreviewView.h */ = {isa = PBXFileReference; fileEncoding = 4; lastKnownFileType = sourcecode.c.h; path = MMImagePreviewView.h; sourceTree = "<group>"; };
		2A28B16322802B1100B224F4 /* MMCommentInputView.h */ = {isa = PBXFileReference; fileEncoding = 4; lastKnownFileType = sourcecode.c.h; path = MMCommentInputView.h; sourceTree = "<group>"; };
		2A28B16422802B1100B224F4 /* MMImageListView.m */ = {isa = PBXFileReference; fileEncoding = 4; lastKnownFileType = sourcecode.c.objc; path = MMImageListView.m; sourceTree = "<group>"; };
		2A28B16522802B1100B224F4 /* MomentCell.h */ = {isa = PBXFileReference; fileEncoding = 4; lastKnownFileType = sourcecode.c.h; path = MomentCell.h; sourceTree = "<group>"; };
		2A28B16622802B1100B224F4 /* MMOperateMenuView.h */ = {isa = PBXFileReference; fileEncoding = 4; lastKnownFileType = sourcecode.c.h; path = MMOperateMenuView.h; sourceTree = "<group>"; };
		2A28B16722802B1100B224F4 /* MMCommentInputView.m */ = {isa = PBXFileReference; fileEncoding = 4; lastKnownFileType = sourcecode.c.objc; path = MMCommentInputView.m; sourceTree = "<group>"; };
		2A28B16822802B1100B224F4 /* MMImagePreviewView.m */ = {isa = PBXFileReference; fileEncoding = 4; lastKnownFileType = sourcecode.c.objc; path = MMImagePreviewView.m; sourceTree = "<group>"; };
		2A28B16922802B1100B224F4 /* MomentCell.m */ = {isa = PBXFileReference; fileEncoding = 4; lastKnownFileType = sourcecode.c.objc; path = MomentCell.m; sourceTree = "<group>"; };
		2A28B16A22802B1100B224F4 /* MMImageListView.h */ = {isa = PBXFileReference; fileEncoding = 4; lastKnownFileType = sourcecode.c.h; path = MMImageListView.h; sourceTree = "<group>"; };
		2A28B16B22802B1100B224F4 /* MMOperateMenuView.m */ = {isa = PBXFileReference; fileEncoding = 4; lastKnownFileType = sourcecode.c.objc; path = MMOperateMenuView.m; sourceTree = "<group>"; };
		2A28B17F22802C9500B224F4 /* JKDBModel.m */ = {isa = PBXFileReference; fileEncoding = 4; lastKnownFileType = sourcecode.c.objc; path = JKDBModel.m; sourceTree = "<group>"; };
		2A28B18022802C9500B224F4 /* JKDBHelper.m */ = {isa = PBXFileReference; fileEncoding = 4; lastKnownFileType = sourcecode.c.objc; path = JKDBHelper.m; sourceTree = "<group>"; };
		2A28B18122802C9500B224F4 /* JKDBModel.h */ = {isa = PBXFileReference; fileEncoding = 4; lastKnownFileType = sourcecode.c.h; path = JKDBModel.h; sourceTree = "<group>"; };
		2A28B18222802C9500B224F4 /* JKDBHelper.h */ = {isa = PBXFileReference; fileEncoding = 4; lastKnownFileType = sourcecode.c.h; path = JKDBHelper.h; sourceTree = "<group>"; };
		2A28B1852280311400B224F4 /* UIView+Geometry.h */ = {isa = PBXFileReference; fileEncoding = 4; lastKnownFileType = sourcecode.c.h; path = "UIView+Geometry.h"; sourceTree = "<group>"; };
		2A28B1862280311400B224F4 /* NSString+Letter.h */ = {isa = PBXFileReference; fileEncoding = 4; lastKnownFileType = sourcecode.c.h; path = "NSString+Letter.h"; sourceTree = "<group>"; };
		2A28B1872280311400B224F4 /* UIScrollView+Category.h */ = {isa = PBXFileReference; fileEncoding = 4; lastKnownFileType = sourcecode.c.h; path = "UIScrollView+Category.h"; sourceTree = "<group>"; };
		2A28B1882280311400B224F4 /* NSString+Letter.m */ = {isa = PBXFileReference; fileEncoding = 4; lastKnownFileType = sourcecode.c.objc; path = "NSString+Letter.m"; sourceTree = "<group>"; };
		2A28B1892280311500B224F4 /* Utility.h */ = {isa = PBXFileReference; fileEncoding = 4; lastKnownFileType = sourcecode.c.h; path = Utility.h; sourceTree = "<group>"; };
		2A28B18A2280311500B224F4 /* UIView+Geometry.m */ = {isa = PBXFileReference; fileEncoding = 4; lastKnownFileType = sourcecode.c.objc; path = "UIView+Geometry.m"; sourceTree = "<group>"; };
		2A28B18B2280311500B224F4 /* JPinYinUtil.h */ = {isa = PBXFileReference; fileEncoding = 4; lastKnownFileType = sourcecode.c.h; path = JPinYinUtil.h; sourceTree = "<group>"; };
		2A28B18C2280311500B224F4 /* UIScrollView+Category.m */ = {isa = PBXFileReference; fileEncoding = 4; lastKnownFileType = sourcecode.c.objc; path = "UIScrollView+Category.m"; sourceTree = "<group>"; };
		2A28B18D2280311500B224F4 /* Utility.m */ = {isa = PBXFileReference; fileEncoding = 4; lastKnownFileType = sourcecode.c.objc; path = Utility.m; sourceTree = "<group>"; };
		2A28B18E2280311500B224F4 /* JPinYinUtil.m */ = {isa = PBXFileReference; fileEncoding = 4; lastKnownFileType = sourcecode.c.objc; path = JPinYinUtil.m; sourceTree = "<group>"; };
		2A28B195228034C500B224F4 /* MMTableView.h */ = {isa = PBXFileReference; fileEncoding = 4; lastKnownFileType = sourcecode.c.h; path = MMTableView.h; sourceTree = "<group>"; };
		2A28B196228034C500B224F4 /* MMTableView.m */ = {isa = PBXFileReference; fileEncoding = 4; lastKnownFileType = sourcecode.c.objc; path = MMTableView.m; sourceTree = "<group>"; };
		2A4D473D229D26CC00D3FE2C /* FoldingCell.swift */ = {isa = PBXFileReference; fileEncoding = 4; lastKnownFileType = sourcecode.swift; name = FoldingCell.swift; path = ../Other/FoldingCell.swift; sourceTree = "<group>"; };
		2A4D473F229D273E00D3FE2C /* WXFoldingCell.swift */ = {isa = PBXFileReference; lastKnownFileType = sourcecode.swift; path = WXFoldingCell.swift; sourceTree = "<group>"; };
		2A4D4740229D273E00D3FE2C /* WXFoldingCell.xib */ = {isa = PBXFileReference; lastKnownFileType = file.xib; path = WXFoldingCell.xib; sourceTree = "<group>"; };
		2AC1F475229BEE180041696E /* DiscoverViewController.h */ = {isa = PBXFileReference; fileEncoding = 4; lastKnownFileType = sourcecode.c.h; path = DiscoverViewController.h; sourceTree = "<group>"; };
		2AC1F476229BEE180041696E /* SDEyeAnimationView.m */ = {isa = PBXFileReference; fileEncoding = 4; lastKnownFileType = sourcecode.c.objc; name = SDEyeAnimationView.m; path = ../SDEyeAnimationView.m; sourceTree = "<group>"; };
		2AC1F477229BEE180041696E /* SDEyeAnimationView.h */ = {isa = PBXFileReference; fileEncoding = 4; lastKnownFileType = sourcecode.c.h; name = SDEyeAnimationView.h; path = ../SDEyeAnimationView.h; sourceTree = "<group>"; };
		2AC1F478229BEE180041696E /* DiscoverViewController.m */ = {isa = PBXFileReference; fileEncoding = 4; lastKnownFileType = sourcecode.c.objc; path = DiscoverViewController.m; sourceTree = "<group>"; };
		2AC1F47B229BEEA60041696E /* SDShortVideoController.h */ = {isa = PBXFileReference; fileEncoding = 4; lastKnownFileType = sourcecode.c.h; path = SDShortVideoController.h; sourceTree = "<group>"; };
		2AC1F47C229BEEA60041696E /* SDShortVideoController.m */ = {isa = PBXFileReference; fileEncoding = 4; lastKnownFileType = sourcecode.c.objc; path = SDShortVideoController.m; sourceTree = "<group>"; };
		2AC1F47E229BEEA60041696E /* SDShortVideoProgressView.h */ = {isa = PBXFileReference; fileEncoding = 4; lastKnownFileType = sourcecode.c.h; path = SDShortVideoProgressView.h; sourceTree = "<group>"; };
		2AC1F47F229BEEA60041696E /* SDShortVideoProgressView.m */ = {isa = PBXFileReference; fileEncoding = 4; lastKnownFileType = sourcecode.c.objc; path = SDShortVideoProgressView.m; sourceTree = "<group>"; };
		2AC1F482229CE6B00041696E /* WXChat-Bridging-Header.h */ = {isa = PBXFileReference; lastKnownFileType = sourcecode.c.h; path = "WXChat-Bridging-Header.h"; sourceTree = "<group>"; };
		2ACD5EAC2271539400A24BF6 /* WXChat.app */ = {isa = PBXFileReference; explicitFileType = wrapper.application; includeInIndex = 0; path = WXChat.app; sourceTree = BUILT_PRODUCTS_DIR; };
		2ACD5EAF2271539400A24BF6 /* AppDelegate.h */ = {isa = PBXFileReference; lastKnownFileType = sourcecode.c.h; path = AppDelegate.h; sourceTree = "<group>"; };
		2ACD5EB02271539400A24BF6 /* AppDelegate.m */ = {isa = PBXFileReference; lastKnownFileType = sourcecode.c.objc; path = AppDelegate.m; sourceTree = "<group>"; };
		2ACD5EB22271539400A24BF6 /* ViewController.h */ = {isa = PBXFileReference; lastKnownFileType = sourcecode.c.h; path = ViewController.h; sourceTree = "<group>"; };
		2ACD5EB32271539400A24BF6 /* ViewController.m */ = {isa = PBXFileReference; lastKnownFileType = sourcecode.c.objc; path = ViewController.m; sourceTree = "<group>"; };
		2ACD5EB62271539400A24BF6 /* Base */ = {isa = PBXFileReference; lastKnownFileType = file.storyboard; name = Base; path = Base.lproj/Main.storyboard; sourceTree = "<group>"; };
		2ACD5EB82271539600A24BF6 /* Assets.xcassets */ = {isa = PBXFileReference; lastKnownFileType = folder.assetcatalog; path = Assets.xcassets; sourceTree = "<group>"; };
		2ACD5EBB2271539600A24BF6 /* Base */ = {isa = PBXFileReference; lastKnownFileType = file.storyboard; name = Base; path = Base.lproj/LaunchScreen.storyboard; sourceTree = "<group>"; };
		2ACD5EBD2271539600A24BF6 /* Info.plist */ = {isa = PBXFileReference; lastKnownFileType = text.plist.xml; path = Info.plist; sourceTree = "<group>"; };
		2ACD5EBE2271539600A24BF6 /* main.m */ = {isa = PBXFileReference; lastKnownFileType = sourcecode.c.objc; path = main.m; sourceTree = "<group>"; };
		2ACD5EC42271539600A24BF6 /* WXChatTests.xctest */ = {isa = PBXFileReference; explicitFileType = wrapper.cfbundle; includeInIndex = 0; path = WXChatTests.xctest; sourceTree = BUILT_PRODUCTS_DIR; };
		2ACD5EC82271539600A24BF6 /* WXChatTests.m */ = {isa = PBXFileReference; lastKnownFileType = sourcecode.c.objc; path = WXChatTests.m; sourceTree = "<group>"; };
		2ACD5ECA2271539600A24BF6 /* Info.plist */ = {isa = PBXFileReference; lastKnownFileType = text.plist.xml; path = Info.plist; sourceTree = "<group>"; };
		2ACD5ECF2271539600A24BF6 /* WXChatUITests.xctest */ = {isa = PBXFileReference; explicitFileType = wrapper.cfbundle; includeInIndex = 0; path = WXChatUITests.xctest; sourceTree = BUILT_PRODUCTS_DIR; };
		2ACD5ED32271539600A24BF6 /* WXChatUITests.m */ = {isa = PBXFileReference; lastKnownFileType = sourcecode.c.objc; path = WXChatUITests.m; sourceTree = "<group>"; };
		2ACD5ED52271539600A24BF6 /* Info.plist */ = {isa = PBXFileReference; lastKnownFileType = text.plist.xml; path = Info.plist; sourceTree = "<group>"; };
		2ACD5EE422715D3A00A24BF6 /* WXTabBarController.h */ = {isa = PBXFileReference; lastKnownFileType = sourcecode.c.h; path = WXTabBarController.h; sourceTree = "<group>"; };
		2ACD5EE522715D3A00A24BF6 /* WXTabBarController.m */ = {isa = PBXFileReference; lastKnownFileType = sourcecode.c.objc; path = WXTabBarController.m; sourceTree = "<group>"; };
		2ACD5EEB2271675300A24BF6 /* PrefixHeader.pch */ = {isa = PBXFileReference; lastKnownFileType = sourcecode.c.h; path = PrefixHeader.pch; sourceTree = "<group>"; };
		2ACD5EEC227197A700A24BF6 /* WXNavigationController.h */ = {isa = PBXFileReference; lastKnownFileType = sourcecode.c.h; path = WXNavigationController.h; sourceTree = "<group>"; };
		2ACD5EED227197A700A24BF6 /* WXNavigationController.m */ = {isa = PBXFileReference; lastKnownFileType = sourcecode.c.objc; path = WXNavigationController.m; sourceTree = "<group>"; };
		2ADDBA0022A4D0120006C42A /* WXGroupViewController.h */ = {isa = PBXFileReference; fileEncoding = 4; lastKnownFileType = sourcecode.c.h; path = WXGroupViewController.h; sourceTree = "<group>"; };
		2ADDBA0122A4D0120006C42A /* WXGroupViewController.m */ = {isa = PBXFileReference; fileEncoding = 4; lastKnownFileType = sourcecode.c.objc; path = WXGroupViewController.m; sourceTree = "<group>"; };
		2ADDBA0622A4D02F0006C42A /* EMInviteGroupMemberViewController.h */ = {isa = PBXFileReference; fileEncoding = 4; lastKnownFileType = sourcecode.c.h; path = EMInviteGroupMemberViewController.h; sourceTree = "<group>"; };
		2ADDBA0722A4D02F0006C42A /* EMInviteGroupMemberViewController.m */ = {isa = PBXFileReference; fileEncoding = 4; lastKnownFileType = sourcecode.c.objc; path = EMInviteGroupMemberViewController.m; sourceTree = "<group>"; };
		2ADDBA0A22A4D22A0006C42A /* UIViewController+Search.m */ = {isa = PBXFileReference; fileEncoding = 4; lastKnownFileType = sourcecode.c.objc; path = "UIViewController+Search.m"; sourceTree = "<group>"; };
		2ADDBA0B22A4D22A0006C42A /* EMSearchResultController.m */ = {isa = PBXFileReference; fileEncoding = 4; lastKnownFileType = sourcecode.c.objc; path = EMSearchResultController.m; sourceTree = "<group>"; };
		2ADDBA0C22A4D22A0006C42A /* EMSearchBar.m */ = {isa = PBXFileReference; fileEncoding = 4; lastKnownFileType = sourcecode.c.objc; path = EMSearchBar.m; sourceTree = "<group>"; };
		2ADDBA0D22A4D22A0006C42A /* EMSearchViewController.m */ = {isa = PBXFileReference; fileEncoding = 4; lastKnownFileType = sourcecode.c.objc; path = EMSearchViewController.m; sourceTree = "<group>"; };
		2ADDBA0E22A4D22A0006C42A /* EMSearchBar.h */ = {isa = PBXFileReference; fileEncoding = 4; lastKnownFileType = sourcecode.c.h; path = EMSearchBar.h; sourceTree = "<group>"; };
		2ADDBA0F22A4D22A0006C42A /* EMSearchResultController.h */ = {isa = PBXFileReference; fileEncoding = 4; lastKnownFileType = sourcecode.c.h; path = EMSearchResultController.h; sourceTree = "<group>"; };
		2ADDBA1022A4D22A0006C42A /* UIViewController+Search.h */ = {isa = PBXFileReference; fileEncoding = 4; lastKnownFileType = sourcecode.c.h; path = "UIViewController+Search.h"; sourceTree = "<group>"; };
		2ADDBA1122A4D22A0006C42A /* EMSearchViewController.h */ = {isa = PBXFileReference; fileEncoding = 4; lastKnownFileType = sourcecode.c.h; path = EMSearchViewController.h; sourceTree = "<group>"; };
		2ADDBA1622A4D2850006C42A /* EMRefreshViewController.h */ = {isa = PBXFileReference; fileEncoding = 4; lastKnownFileType = sourcecode.c.h; path = EMRefreshViewController.h; sourceTree = "<group>"; };
		2ADDBA1722A4D2850006C42A /* EMRefreshViewController.m */ = {isa = PBXFileReference; fileEncoding = 4; lastKnownFileType = sourcecode.c.objc; path = EMRefreshViewController.m; sourceTree = "<group>"; };
		2ADDBA1922A4D3CB0006C42A /* EMRealtimeSearch.h */ = {isa = PBXFileReference; fileEncoding = 4; lastKnownFileType = sourcecode.c.h; path = EMRealtimeSearch.h; sourceTree = "<group>"; };
		2ADDBA1A22A4D3CB0006C42A /* EMRealtimeSearch.m */ = {isa = PBXFileReference; fileEncoding = 4; lastKnownFileType = sourcecode.c.objc; path = EMRealtimeSearch.m; sourceTree = "<group>"; };
		2ADDBA1C22A4D4E60006C42A /* EMAvatarNameCell.m */ = {isa = PBXFileReference; fileEncoding = 4; lastKnownFileType = sourcecode.c.objc; path = EMAvatarNameCell.m; sourceTree = "<group>"; };
		2ADDBA1D22A4D4E70006C42A /* EMBadgeLabel.m */ = {isa = PBXFileReference; fileEncoding = 4; lastKnownFileType = sourcecode.c.objc; path = EMBadgeLabel.m; sourceTree = "<group>"; };
		2ADDBA1E22A4D4E70006C42A /* EMAvatarNameCell.h */ = {isa = PBXFileReference; fileEncoding = 4; lastKnownFileType = sourcecode.c.h; path = EMAvatarNameCell.h; sourceTree = "<group>"; };
		2ADDBA1F22A4D4E70006C42A /* EMBadgeLabel.h */ = {isa = PBXFileReference; fileEncoding = 4; lastKnownFileType = sourcecode.c.h; path = EMBadgeLabel.h; sourceTree = "<group>"; };
		2ADDBA2222A4EE830006C42A /* YCMenuView.h */ = {isa = PBXFileReference; fileEncoding = 4; lastKnownFileType = sourcecode.c.h; path = YCMenuView.h; sourceTree = "<group>"; };
		2ADDBA2322A4EE830006C42A /* YCMenuView.m */ = {isa = PBXFileReference; fileEncoding = 4; lastKnownFileType = sourcecode.c.objc; path = YCMenuView.m; sourceTree = "<group>"; };
		2ADDBA2522A4FF5A0006C42A /* WXPresentNavigationController.h */ = {isa = PBXFileReference; lastKnownFileType = sourcecode.c.h; path = WXPresentNavigationController.h; sourceTree = "<group>"; };
		2ADDBA2622A4FF5A0006C42A /* WXPresentNavigationController.m */ = {isa = PBXFileReference; lastKnownFileType = sourcecode.c.objc; path = WXPresentNavigationController.m; sourceTree = "<group>"; };
		2ADDBA2B22A518F50006C42A /* UIImage+ColorImage.h */ = {isa = PBXFileReference; lastKnownFileType = sourcecode.c.h; path = "UIImage+ColorImage.h"; sourceTree = "<group>"; };
		2ADDBA2C22A518F50006C42A /* UIImage+ColorImage.m */ = {isa = PBXFileReference; lastKnownFileType = sourcecode.c.objc; path = "UIImage+ColorImage.m"; sourceTree = "<group>"; };
		2AEE8BAB22857EEF00103A9E /* WXConversationListViewController.m */ = {isa = PBXFileReference; fileEncoding = 4; lastKnownFileType = sourcecode.c.objc; path = WXConversationListViewController.m; sourceTree = "<group>"; };
		2AEE8BAC22857EEF00103A9E /* WXChatViewController.m */ = {isa = PBXFileReference; fileEncoding = 4; lastKnownFileType = sourcecode.c.objc; path = WXChatViewController.m; sourceTree = "<group>"; };
		2AEE8BAD22857EEF00103A9E /* WXConversationListViewController.h */ = {isa = PBXFileReference; fileEncoding = 4; lastKnownFileType = sourcecode.c.h; path = WXConversationListViewController.h; sourceTree = "<group>"; };
		2AEE8BAE22857EEF00103A9E /* WXChatViewController.h */ = {isa = PBXFileReference; fileEncoding = 4; lastKnownFileType = sourcecode.c.h; path = WXChatViewController.h; sourceTree = "<group>"; };
		2AEE8BB82285819700103A9E /* WXUsersListViewController.h */ = {isa = PBXFileReference; lastKnownFileType = sourcecode.c.h; path = WXUsersListViewController.h; sourceTree = "<group>"; };
		2AEE8BB92285819700103A9E /* WXUsersListViewController.m */ = {isa = PBXFileReference; lastKnownFileType = sourcecode.c.objc; path = WXUsersListViewController.m; sourceTree = "<group>"; };
		2AF962C022A65FF3005FAC61 /* WXUsersListService.h */ = {isa = PBXFileReference; lastKnownFileType = sourcecode.c.h; path = WXUsersListService.h; sourceTree = "<group>"; };
		2AF962C122A65FF3005FAC61 /* WXUsersListService.m */ = {isa = PBXFileReference; lastKnownFileType = sourcecode.c.objc; path = WXUsersListService.m; sourceTree = "<group>"; };
		A46496228D8784C962820110 /* libPods-WXChat.a */ = {isa = PBXFileReference; explicitFileType = archive.ar; includeInIndex = 0; path = "libPods-WXChat.a"; sourceTree = BUILT_PRODUCTS_DIR; };
		C680DD6B617232EA9969D4D2 /* Pods-WXChat.debug.xcconfig */ = {isa = PBXFileReference; includeInIndex = 1; lastKnownFileType = text.xcconfig; name = "Pods-WXChat.debug.xcconfig"; path = "Target Support Files/Pods-WXChat/Pods-WXChat.debug.xcconfig"; sourceTree = "<group>"; };
		CE5B98EE22A56F6F00B608E4 /* todo.text */ = {isa = PBXFileReference; fileEncoding = 4; lastKnownFileType = net.daringfireball.markdown; path = todo.text; sourceTree = "<group>"; };
/* End PBXFileReference section */

/* Begin PBXFrameworksBuildPhase section */
		2ACD5EA92271539400A24BF6 /* Frameworks */ = {
			isa = PBXFrameworksBuildPhase;
			buildActionMask = 2147483647;
			files = (
				0EC326BF77638BE94DEAF94A /* libPods-WXChat.a in Frameworks */,
			);
			runOnlyForDeploymentPostprocessing = 0;
		};
		2ACD5EC12271539600A24BF6 /* Frameworks */ = {
			isa = PBXFrameworksBuildPhase;
			buildActionMask = 2147483647;
			files = (
			);
			runOnlyForDeploymentPostprocessing = 0;
		};
		2ACD5ECC2271539600A24BF6 /* Frameworks */ = {
			isa = PBXFrameworksBuildPhase;
			buildActionMask = 2147483647;
			files = (
			);
			runOnlyForDeploymentPostprocessing = 0;
		};
/* End PBXFrameworksBuildPhase section */

/* Begin PBXGroup section */
		2336C0F57105092C228E42A3 /* Frameworks */ = {
			isa = PBXGroup;
			children = (
				A46496228D8784C962820110 /* libPods-WXChat.a */,
			);
			name = Frameworks;
			sourceTree = "<group>";
		};
		2A042CD92277E9E50075582B /* WXFriend */ = {
			isa = PBXGroup;
			children = (
				2A042CDA2277EA3E0075582B /* WXFriendViewController.h */,
				2A042CDB2277EA3E0075582B /* WXFriendViewController.m */,
				2A28B14422802B1100B224F4 /* Discover */,
			);
			path = WXFriend;
			sourceTree = SOURCE_ROOT;
		};
		2A28B14422802B1100B224F4 /* Discover */ = {
			isa = PBXGroup;
			children = (
				2AC1F474229BEE180041696E /* main */,
				2A28B14622802B1100B224F4 /* Moment */,
			);
			path = Discover;
			sourceTree = "<group>";
		};
		2A28B14622802B1100B224F4 /* Moment */ = {
			isa = PBXGroup;
			children = (
				2A28B14722802B1100B224F4 /* Utils */,
				2A28B14F22802B1100B224F4 /* Controller */,
				2A28B15622802B1100B224F4 /* Model */,
				2A28B16122802B1100B224F4 /* View */,
			);
			path = Moment;
			sourceTree = "<group>";
		};
		2A28B14722802B1100B224F4 /* Utils */ = {
			isa = PBXGroup;
			children = (
				2A28B14C22802B1100B224F4 /* MomentUtil.h */,
				2A28B14822802B1100B224F4 /* MomentUtil.m */,
				2A28B14E22802B1100B224F4 /* MomentConstant.h */,
				2A28B14922802B1100B224F4 /* MomentConstant.m */,
				2A28B14D22802B1100B224F4 /* MLLabelUtil.h */,
				2A28B14A22802B1100B224F4 /* MLLabelUtil.m */,
				2A28B14B22802B1100B224F4 /* MomentMacros.h */,
			);
			path = Utils;
			sourceTree = "<group>";
		};
		2A28B14F22802B1100B224F4 /* Controller */ = {
			isa = PBXGroup;
			children = (
				2A28B15022802B1100B224F4 /* MMLocationViewController.h */,
				2A28B15322802B1100B224F4 /* MMLocationViewController.m */,
				2A28B15422802B1100B224F4 /* WKWebViewController.h */,
				2A28B15122802B1100B224F4 /* WKWebViewController.m */,
				2A28B15222802B1100B224F4 /* MomentViewController.h */,
				2A28B15522802B1100B224F4 /* MomentViewController.m */,
			);
			path = Controller;
			sourceTree = "<group>";
		};
		2A28B15622802B1100B224F4 /* Model */ = {
			isa = PBXGroup;
			children = (
				2A28B15722802B1100B224F4 /* Comment.h */,
				2A28B15C22802B1100B224F4 /* Comment.m */,
				2A28B16022802B1100B224F4 /* Moment.h */,
				2A28B15822802B1100B224F4 /* Moment.m */,
				2A28B15922802B1100B224F4 /* MLocation.h */,
				2A28B15F22802B1100B224F4 /* MLocation.m */,
				2A28B15E22802B1100B224F4 /* MPicture.h */,
				2A28B15A22802B1100B224F4 /* MPicture.m */,
				2A28B15D22802B1100B224F4 /* MUser.h */,
				2A28B15B22802B1100B224F4 /* MUser.m */,
			);
			path = Model;
			sourceTree = "<group>";
		};
		2A28B16122802B1100B224F4 /* View */ = {
			isa = PBXGroup;
			children = (
				2A28B16222802B1100B224F4 /* MMImagePreviewView.h */,
				2A28B16822802B1100B224F4 /* MMImagePreviewView.m */,
				2A28B16A22802B1100B224F4 /* MMImageListView.h */,
				2A28B16422802B1100B224F4 /* MMImageListView.m */,
				2A28B16322802B1100B224F4 /* MMCommentInputView.h */,
				2A28B16722802B1100B224F4 /* MMCommentInputView.m */,
				2A28B16622802B1100B224F4 /* MMOperateMenuView.h */,
				2A28B16B22802B1100B224F4 /* MMOperateMenuView.m */,
				2A28B16522802B1100B224F4 /* MomentCell.h */,
				2A28B16922802B1100B224F4 /* MomentCell.m */,
			);
			path = View;
			sourceTree = "<group>";
		};
		2A28B17E22802C9500B224F4 /* JKDBModel */ = {
			isa = PBXGroup;
			children = (
				2A28B18122802C9500B224F4 /* JKDBModel.h */,
				2A28B17F22802C9500B224F4 /* JKDBModel.m */,
				2A28B18222802C9500B224F4 /* JKDBHelper.h */,
				2A28B18022802C9500B224F4 /* JKDBHelper.m */,
			);
			path = JKDBModel;
			sourceTree = "<group>";
		};
		2A28B1942280348800B224F4 /* BaseUI */ = {
			isa = PBXGroup;
			children = (
				2A4D473D229D26CC00D3FE2C /* FoldingCell.swift */,
				2A28B195228034C500B224F4 /* MMTableView.h */,
				2A28B196228034C500B224F4 /* MMTableView.m */,
				2ADDBA1622A4D2850006C42A /* EMRefreshViewController.h */,
				2ADDBA1722A4D2850006C42A /* EMRefreshViewController.m */,
				2ADDBA1E22A4D4E70006C42A /* EMAvatarNameCell.h */,
				2ADDBA1C22A4D4E60006C42A /* EMAvatarNameCell.m */,
				2ADDBA1F22A4D4E70006C42A /* EMBadgeLabel.h */,
				2ADDBA1D22A4D4E70006C42A /* EMBadgeLabel.m */,
			);
			path = BaseUI;
			sourceTree = SOURCE_ROOT;
		};
		2AC1F46E229BDADF0041696E /* Resources */ = {
			isa = PBXGroup;
			children = (
			);
			path = Resources;
			sourceTree = "<group>";
		};
		2AC1F474229BEE180041696E /* main */ = {
			isa = PBXGroup;
			children = (
				2AC1F475229BEE180041696E /* DiscoverViewController.h */,
				2AC1F478229BEE180041696E /* DiscoverViewController.m */,
				2AC1F47B229BEEA60041696E /* SDShortVideoController.h */,
				2AC1F47C229BEEA60041696E /* SDShortVideoController.m */,
				2AC1F47D229BEEA60041696E /* Views */,
			);
			path = main;
			sourceTree = "<group>";
		};
		2AC1F47D229BEEA60041696E /* Views */ = {
			isa = PBXGroup;
			children = (
				2AC1F477229BEE180041696E /* SDEyeAnimationView.h */,
				2AC1F476229BEE180041696E /* SDEyeAnimationView.m */,
				2AC1F47E229BEEA60041696E /* SDShortVideoProgressView.h */,
				2AC1F47F229BEEA60041696E /* SDShortVideoProgressView.m */,
			);
			path = Views;
			sourceTree = "<group>";
		};
		2ACD5EA32271539400A24BF6 = {
			isa = PBXGroup;
			children = (
				CE5B98EE22A56F6F00B608E4 /* todo.text */,
				2ACD5EAE2271539400A24BF6 /* WXChat */,
				2ACD5EC72271539600A24BF6 /* WXChatTests */,
				2ACD5ED22271539600A24BF6 /* WXChatUITests */,
				2ACD5EAD2271539400A24BF6 /* Products */,
				DF216DE5B6F478A93DC3F217 /* Pods */,
				2336C0F57105092C228E42A3 /* Frameworks */,
			);
			sourceTree = "<group>";
		};
		2ACD5EAD2271539400A24BF6 /* Products */ = {
			isa = PBXGroup;
			children = (
				2ACD5EAC2271539400A24BF6 /* WXChat.app */,
				2ACD5EC42271539600A24BF6 /* WXChatTests.xctest */,
				2ACD5ECF2271539600A24BF6 /* WXChatUITests.xctest */,
			);
			name = Products;
			sourceTree = "<group>";
		};
		2ACD5EAE2271539400A24BF6 /* WXChat */ = {
			isa = PBXGroup;
			children = (
				2ACD5EAF2271539400A24BF6 /* AppDelegate.h */,
				2ACD5EB02271539400A24BF6 /* AppDelegate.m */,
				2ACD5EEA2271673D00A24BF6 /* Other */,
				2A28B1942280348800B224F4 /* BaseUI */,
				2ACD5EE322715D1800A24BF6 /* Main */,
				2ACD5EEF227544DF00A24BF6 /* WXChatListModule */,
				2AEE8BA922857ECA00103A9E /* WXUserListModule */,
				2ADDB9FD22A4D0120006C42A /* WXGroupModule */,
				2A042CD92277E9E50075582B /* WXFriend */,
				2ACD5EB22271539400A24BF6 /* ViewController.h */,
				2ACD5EB32271539400A24BF6 /* ViewController.m */,
				2A4D473F229D273E00D3FE2C /* WXFoldingCell.swift */,
				2A4D4740229D273E00D3FE2C /* WXFoldingCell.xib */,
				2ACD5EB52271539400A24BF6 /* Main.storyboard */,
				2ACD5EB82271539600A24BF6 /* Assets.xcassets */,
				2ACD5EBA2271539600A24BF6 /* LaunchScreen.storyboard */,
				2ACD5EBD2271539600A24BF6 /* Info.plist */,
				2ACD5EBE2271539600A24BF6 /* main.m */,
			);
			path = WXChat;
			sourceTree = "<group>";
		};
		2ACD5EC72271539600A24BF6 /* WXChatTests */ = {
			isa = PBXGroup;
			children = (
				2ACD5EC82271539600A24BF6 /* WXChatTests.m */,
				2ACD5ECA2271539600A24BF6 /* Info.plist */,
			);
			path = WXChatTests;
			sourceTree = "<group>";
		};
		2ACD5ED22271539600A24BF6 /* WXChatUITests */ = {
			isa = PBXGroup;
			children = (
				2ACD5ED32271539600A24BF6 /* WXChatUITests.m */,
				2ACD5ED52271539600A24BF6 /* Info.plist */,
			);
			path = WXChatUITests;
			sourceTree = "<group>";
		};
		2ACD5EE322715D1800A24BF6 /* Main */ = {
			isa = PBXGroup;
			children = (
				2ACD5EE422715D3A00A24BF6 /* WXTabBarController.h */,
				2ACD5EE522715D3A00A24BF6 /* WXTabBarController.m */,
				2ACD5EEC227197A700A24BF6 /* WXNavigationController.h */,
				2ACD5EED227197A700A24BF6 /* WXNavigationController.m */,
				2ADDBA2522A4FF5A0006C42A /* WXPresentNavigationController.h */,
				2ADDBA2622A4FF5A0006C42A /* WXPresentNavigationController.m */,
			);
			path = Main;
			sourceTree = SOURCE_ROOT;
		};
		2ACD5EEA2271673D00A24BF6 /* Other */ = {
			isa = PBXGroup;
			children = (
				2AC1F482229CE6B00041696E /* WXChat-Bridging-Header.h */,
				2ACD5EEB2271675300A24BF6 /* PrefixHeader.pch */,
				2A28B17E22802C9500B224F4 /* JKDBModel */,
				2A28B18B2280311500B224F4 /* JPinYinUtil.h */,
				2A28B18E2280311500B224F4 /* JPinYinUtil.m */,
				2A28B1862280311400B224F4 /* NSString+Letter.h */,
				2A28B1882280311400B224F4 /* NSString+Letter.m */,
				2A28B1872280311400B224F4 /* UIScrollView+Category.h */,
				2A28B18C2280311500B224F4 /* UIScrollView+Category.m */,
				2A28B1852280311400B224F4 /* UIView+Geometry.h */,
				2A28B18A2280311500B224F4 /* UIView+Geometry.m */,
				2ADDBA2B22A518F50006C42A /* UIImage+ColorImage.h */,
				2ADDBA2C22A518F50006C42A /* UIImage+ColorImage.m */,
				2A28B1892280311500B224F4 /* Utility.h */,
				2A28B18D2280311500B224F4 /* Utility.m */,
			);
			path = Other;
			sourceTree = SOURCE_ROOT;
		};
		2ACD5EEF227544DF00A24BF6 /* WXChatListModule */ = {
			isa = PBXGroup;
			children = (
				2AC1F46E229BDADF0041696E /* Resources */,
				2AEE8BAA22857EEF00103A9E /* Controller */,
				2AEE8BB722857F3200103A9E /* Model */,
				2AEE8BB622857F3200103A9E /* Service */,
				2AEE8BB522857F3200103A9E /* View */,
			);
			path = WXChatListModule;
			sourceTree = SOURCE_ROOT;
		};
		2ADDB9FD22A4D0120006C42A /* WXGroupModule */ = {
			isa = PBXGroup;
			children = (
				2ADDB9FE22A4D0120006C42A /* Resources */,
				2ADDB9FF22A4D0120006C42A /* Controller */,
				2ADDBA0222A4D0120006C42A /* Model */,
				2ADDBA0322A4D0120006C42A /* View */,
				2ADDBA0422A4D0120006C42A /* Service */,
			);
			path = WXGroupModule;
			sourceTree = SOURCE_ROOT;
		};
		2ADDB9FE22A4D0120006C42A /* Resources */ = {
			isa = PBXGroup;
			children = (
			);
			path = Resources;
			sourceTree = "<group>";
		};
		2ADDB9FF22A4D0120006C42A /* Controller */ = {
			isa = PBXGroup;
			children = (
				2ADDBA0622A4D02F0006C42A /* EMInviteGroupMemberViewController.h */,
				2ADDBA0722A4D02F0006C42A /* EMInviteGroupMemberViewController.m */,
				2ADDBA0022A4D0120006C42A /* WXGroupViewController.h */,
				2ADDBA0122A4D0120006C42A /* WXGroupViewController.m */,
				2ADDBA0922A4D22A0006C42A /* SearchController */,
			);
			path = Controller;
			sourceTree = "<group>";
		};
		2ADDBA0222A4D0120006C42A /* Model */ = {
			isa = PBXGroup;
			children = (
			);
			path = Model;
			sourceTree = "<group>";
		};
		2ADDBA0322A4D0120006C42A /* View */ = {
			isa = PBXGroup;
			children = (
			);
			path = View;
			sourceTree = "<group>";
		};
		2ADDBA0422A4D0120006C42A /* Service */ = {
			isa = PBXGroup;
			children = (
			);
			path = Service;
			sourceTree = "<group>";
		};
		2ADDBA0922A4D22A0006C42A /* SearchController */ = {
			isa = PBXGroup;
			children = (
				2ADDBA1922A4D3CB0006C42A /* EMRealtimeSearch.h */,
				2ADDBA1A22A4D3CB0006C42A /* EMRealtimeSearch.m */,
				2ADDBA0A22A4D22A0006C42A /* UIViewController+Search.m */,
				2ADDBA1122A4D22A0006C42A /* EMSearchViewController.h */,
				2ADDBA0B22A4D22A0006C42A /* EMSearchResultController.m */,
				2ADDBA0E22A4D22A0006C42A /* EMSearchBar.h */,
				2ADDBA0C22A4D22A0006C42A /* EMSearchBar.m */,
				2ADDBA0D22A4D22A0006C42A /* EMSearchViewController.m */,
				2ADDBA0F22A4D22A0006C42A /* EMSearchResultController.h */,
				2ADDBA1022A4D22A0006C42A /* UIViewController+Search.h */,
			);
			path = SearchController;
			sourceTree = "<group>";
		};
		2AEE8BA922857ECA00103A9E /* WXUserListModule */ = {
			isa = PBXGroup;
			children = (
				2AEE8BB122857F1700103A9E /* Controller */,
				2AEE8BB222857F1700103A9E /* Model */,
				2AEE8BB422857F1700103A9E /* Service */,
				2AEE8BB322857F1700103A9E /* View */,
			);
			path = WXUserListModule;
			sourceTree = SOURCE_ROOT;
		};
		2AEE8BAA22857EEF00103A9E /* Controller */ = {
			isa = PBXGroup;
			children = (
				2AEE8BAE22857EEF00103A9E /* WXChatViewController.h */,
				2AEE8BAC22857EEF00103A9E /* WXChatViewController.m */,
				2AEE8BAD22857EEF00103A9E /* WXConversationListViewController.h */,
				2AEE8BAB22857EEF00103A9E /* WXConversationListViewController.m */,
			);
			path = Controller;
			sourceTree = "<group>";
		};
		2AEE8BB122857F1700103A9E /* Controller */ = {
			isa = PBXGroup;
			children = (
				2AEE8BB82285819700103A9E /* WXUsersListViewController.h */,
				2AEE8BB92285819700103A9E /* WXUsersListViewController.m */,
			);
			path = Controller;
			sourceTree = "<group>";
		};
		2AEE8BB222857F1700103A9E /* Model */ = {
			isa = PBXGroup;
			children = (
			);
			path = Model;
			sourceTree = "<group>";
		};
		2AEE8BB322857F1700103A9E /* View */ = {
			isa = PBXGroup;
			children = (
			);
			path = View;
			sourceTree = "<group>";
		};
		2AEE8BB422857F1700103A9E /* Service */ = {
			isa = PBXGroup;
			children = (
				2AF962C022A65FF3005FAC61 /* WXUsersListService.h */,
				2AF962C122A65FF3005FAC61 /* WXUsersListService.m */,
			);
			path = Service;
			sourceTree = "<group>";
		};
		2AEE8BB522857F3200103A9E /* View */ = {
			isa = PBXGroup;
			children = (
				2ADDBA2222A4EE830006C42A /* YCMenuView.h */,
				2ADDBA2322A4EE830006C42A /* YCMenuView.m */,
			);
			path = View;
			sourceTree = "<group>";
		};
		2AEE8BB622857F3200103A9E /* Service */ = {
			isa = PBXGroup;
			children = (
			);
			path = Service;
			sourceTree = "<group>";
		};
		2AEE8BB722857F3200103A9E /* Model */ = {
			isa = PBXGroup;
			children = (
			);
			path = Model;
			sourceTree = "<group>";
		};
		DF216DE5B6F478A93DC3F217 /* Pods */ = {
			isa = PBXGroup;
			children = (
				C680DD6B617232EA9969D4D2 /* Pods-WXChat.debug.xcconfig */,
				1819C161891D6A6D3180248E /* Pods-WXChat.release.xcconfig */,
			);
			path = Pods;
			sourceTree = "<group>";
		};
/* End PBXGroup section */

/* Begin PBXNativeTarget section */
		2ACD5EAB2271539400A24BF6 /* WXChat */ = {
			isa = PBXNativeTarget;
			buildConfigurationList = 2ACD5ED82271539600A24BF6 /* Build configuration list for PBXNativeTarget "WXChat" */;
			buildPhases = (
				442BA77BC143926E00B7FD1C /* [CP] Check Pods Manifest.lock */,
				2ACD5EA82271539400A24BF6 /* Sources */,
				2ACD5EA92271539400A24BF6 /* Frameworks */,
				2ACD5EAA2271539400A24BF6 /* Resources */,
				849EB576778BAE61928AEE93 /* [CP] Embed Pods Frameworks */,
				75D38F0E333C9D724CF5CCFA /* [CP] Copy Pods Resources */,
			);
			buildRules = (
			);
			dependencies = (
			);
			name = WXChat;
			productName = WXChat;
			productReference = 2ACD5EAC2271539400A24BF6 /* WXChat.app */;
			productType = "com.apple.product-type.application";
		};
		2ACD5EC32271539600A24BF6 /* WXChatTests */ = {
			isa = PBXNativeTarget;
			buildConfigurationList = 2ACD5EDB2271539600A24BF6 /* Build configuration list for PBXNativeTarget "WXChatTests" */;
			buildPhases = (
				2ACD5EC02271539600A24BF6 /* Sources */,
				2ACD5EC12271539600A24BF6 /* Frameworks */,
				2ACD5EC22271539600A24BF6 /* Resources */,
			);
			buildRules = (
			);
			dependencies = (
				2ACD5EC62271539600A24BF6 /* PBXTargetDependency */,
			);
			name = WXChatTests;
			productName = WXChatTests;
			productReference = 2ACD5EC42271539600A24BF6 /* WXChatTests.xctest */;
			productType = "com.apple.product-type.bundle.unit-test";
		};
		2ACD5ECE2271539600A24BF6 /* WXChatUITests */ = {
			isa = PBXNativeTarget;
			buildConfigurationList = 2ACD5EDE2271539600A24BF6 /* Build configuration list for PBXNativeTarget "WXChatUITests" */;
			buildPhases = (
				2ACD5ECB2271539600A24BF6 /* Sources */,
				2ACD5ECC2271539600A24BF6 /* Frameworks */,
				2ACD5ECD2271539600A24BF6 /* Resources */,
			);
			buildRules = (
			);
			dependencies = (
				2ACD5ED12271539600A24BF6 /* PBXTargetDependency */,
			);
			name = WXChatUITests;
			productName = WXChatUITests;
			productReference = 2ACD5ECF2271539600A24BF6 /* WXChatUITests.xctest */;
			productType = "com.apple.product-type.bundle.ui-testing";
		};
/* End PBXNativeTarget section */

/* Begin PBXProject section */
		2ACD5EA42271539400A24BF6 /* Project object */ = {
			isa = PBXProject;
			attributes = {
				LastUpgradeCheck = 1020;
				ORGANIZATIONNAME = WDX;
				TargetAttributes = {
					2ACD5EAB2271539400A24BF6 = {
						CreatedOnToolsVersion = 10.2.1;
						LastSwiftMigration = 1020;
					};
					2ACD5EC32271539600A24BF6 = {
						CreatedOnToolsVersion = 10.2.1;
						TestTargetID = 2ACD5EAB2271539400A24BF6;
					};
					2ACD5ECE2271539600A24BF6 = {
						CreatedOnToolsVersion = 10.2.1;
						TestTargetID = 2ACD5EAB2271539400A24BF6;
					};
				};
			};
			buildConfigurationList = 2ACD5EA72271539400A24BF6 /* Build configuration list for PBXProject "WXChat" */;
			compatibilityVersion = "Xcode 9.3";
			developmentRegion = en;
			hasScannedForEncodings = 0;
			knownRegions = (
				en,
				Base,
			);
			mainGroup = 2ACD5EA32271539400A24BF6;
			productRefGroup = 2ACD5EAD2271539400A24BF6 /* Products */;
			projectDirPath = "";
			projectRoot = "";
			targets = (
				2ACD5EAB2271539400A24BF6 /* WXChat */,
				2ACD5EC32271539600A24BF6 /* WXChatTests */,
				2ACD5ECE2271539600A24BF6 /* WXChatUITests */,
			);
		};
/* End PBXProject section */

/* Begin PBXResourcesBuildPhase section */
		2ACD5EAA2271539400A24BF6 /* Resources */ = {
			isa = PBXResourcesBuildPhase;
			buildActionMask = 2147483647;
			files = (
				2ACD5EBC2271539600A24BF6 /* LaunchScreen.storyboard in Resources */,
				CE5B98EF22A56F6F00B608E4 /* todo.text in Resources */,
				2ACD5EB92271539600A24BF6 /* Assets.xcassets in Resources */,
				2ACD5EB72271539400A24BF6 /* Main.storyboard in Resources */,
				2A4D4742229D273E00D3FE2C /* WXFoldingCell.xib in Resources */,
			);
			runOnlyForDeploymentPostprocessing = 0;
		};
		2ACD5EC22271539600A24BF6 /* Resources */ = {
			isa = PBXResourcesBuildPhase;
			buildActionMask = 2147483647;
			files = (
			);
			runOnlyForDeploymentPostprocessing = 0;
		};
		2ACD5ECD2271539600A24BF6 /* Resources */ = {
			isa = PBXResourcesBuildPhase;
			buildActionMask = 2147483647;
			files = (
			);
			runOnlyForDeploymentPostprocessing = 0;
		};
/* End PBXResourcesBuildPhase section */

/* Begin PBXShellScriptBuildPhase section */
		442BA77BC143926E00B7FD1C /* [CP] Check Pods Manifest.lock */ = {
			isa = PBXShellScriptBuildPhase;
			buildActionMask = 2147483647;
			files = (
			);
			inputFileListPaths = (
			);
			inputPaths = (
				"${PODS_PODFILE_DIR_PATH}/Podfile.lock",
				"${PODS_ROOT}/Manifest.lock",
			);
			name = "[CP] Check Pods Manifest.lock";
			outputFileListPaths = (
			);
			outputPaths = (
				"$(DERIVED_FILE_DIR)/Pods-WXChat-checkManifestLockResult.txt",
			);
			runOnlyForDeploymentPostprocessing = 0;
			shellPath = /bin/sh;
			shellScript = "diff \"${PODS_PODFILE_DIR_PATH}/Podfile.lock\" \"${PODS_ROOT}/Manifest.lock\" > /dev/null\nif [ $? != 0 ] ; then\n    # print error to STDERR\n    echo \"error: The sandbox is not in sync with the Podfile.lock. Run 'pod install' or update your CocoaPods installation.\" >&2\n    exit 1\nfi\n# This output is used by Xcode 'outputs' to avoid re-running this script phase.\necho \"SUCCESS\" > \"${SCRIPT_OUTPUT_FILE_0}\"\n";
			showEnvVarsInLog = 0;
		};
		75D38F0E333C9D724CF5CCFA /* [CP] Copy Pods Resources */ = {
			isa = PBXShellScriptBuildPhase;
			buildActionMask = 2147483647;
			files = (
			);
			inputFileListPaths = (
			);
			inputPaths = (
				"${PODS_ROOT}/Target Support Files/Pods-WXChat/Pods-WXChat-resources.sh",
				"${PODS_ROOT}/AMap3DMap/MAMapKit.framework/AMap.bundle",
				"${PODS_ROOT}/EaseUI/EaseUI/resources/EaseUIResource.bundle",
				"${PODS_ROOT}/MJRefresh/MJRefresh/MJRefresh.bundle",
				"${PODS_CONFIGURATION_BUILD_DIR}/MWPhotoBrowser/MWPhotoBrowser.bundle",
			);
			name = "[CP] Copy Pods Resources";
			outputFileListPaths = (
			);
			outputPaths = (
				"${TARGET_BUILD_DIR}/${UNLOCALIZED_RESOURCES_FOLDER_PATH}/AMap.bundle",
				"${TARGET_BUILD_DIR}/${UNLOCALIZED_RESOURCES_FOLDER_PATH}/EaseUIResource.bundle",
				"${TARGET_BUILD_DIR}/${UNLOCALIZED_RESOURCES_FOLDER_PATH}/MJRefresh.bundle",
				"${TARGET_BUILD_DIR}/${UNLOCALIZED_RESOURCES_FOLDER_PATH}/MWPhotoBrowser.bundle",
			);
			runOnlyForDeploymentPostprocessing = 0;
			shellPath = /bin/sh;
			shellScript = "\"${PODS_ROOT}/Target Support Files/Pods-WXChat/Pods-WXChat-resources.sh\"\n";
			showEnvVarsInLog = 0;
		};
		849EB576778BAE61928AEE93 /* [CP] Embed Pods Frameworks */ = {
			isa = PBXShellScriptBuildPhase;
			buildActionMask = 2147483647;
			files = (
			);
			inputFileListPaths = (
			);
			inputPaths = (
				"${PODS_ROOT}/Target Support Files/Pods-WXChat/Pods-WXChat-frameworks.sh",
				"${PODS_ROOT}/Hyphenate/iOS_Pods_IMFullSDK_V3.5.4/Hyphenate.framework",
			);
			name = "[CP] Embed Pods Frameworks";
			outputFileListPaths = (
			);
			outputPaths = (
				"${TARGET_BUILD_DIR}/${FRAMEWORKS_FOLDER_PATH}/Hyphenate.framework",
			);
			runOnlyForDeploymentPostprocessing = 0;
			shellPath = /bin/sh;
			shellScript = "\"${PODS_ROOT}/Target Support Files/Pods-WXChat/Pods-WXChat-frameworks.sh\"\n";
			showEnvVarsInLog = 0;
		};
/* End PBXShellScriptBuildPhase section */

/* Begin PBXSourcesBuildPhase section */
		2ACD5EA82271539400A24BF6 /* Sources */ = {
			isa = PBXSourcesBuildPhase;
			buildActionMask = 2147483647;
			files = (
				2A28B17C22802B1100B224F4 /* MMOperateMenuView.m in Sources */,
				2ADDBA0822A4D02F0006C42A /* EMInviteGroupMemberViewController.m in Sources */,
				2ADDBA1522A4D22A0006C42A /* EMSearchViewController.m in Sources */,
				2A28B1912280311500B224F4 /* UIScrollView+Category.m in Sources */,
				2A28B17522802B1100B224F4 /* MUser.m in Sources */,
				2A042CDC2277EA3E0075582B /* WXFriendViewController.m in Sources */,
				2ACD5EB42271539400A24BF6 /* ViewController.m in Sources */,
				2ACD5EBF2271539600A24BF6 /* main.m in Sources */,
				2ADDBA1222A4D22A0006C42A /* UIViewController+Search.m in Sources */,
				2A28B1932280311500B224F4 /* JPinYinUtil.m in Sources */,
				2AC1F481229BEEA60041696E /* SDShortVideoProgressView.m in Sources */,
				2A28B17B22802B1100B224F4 /* MomentCell.m in Sources */,
				2A28B18F2280311500B224F4 /* NSString+Letter.m in Sources */,
				2AF962C222A65FF3005FAC61 /* WXUsersListService.m in Sources */,
				2ADDBA1322A4D22A0006C42A /* EMSearchResultController.m in Sources */,
				2ACD5EEE227197A700A24BF6 /* WXNavigationController.m in Sources */,
				2ADDBA2422A4EE830006C42A /* YCMenuView.m in Sources */,
				2AEE8BAF22857EEF00103A9E /* WXConversationListViewController.m in Sources */,
				2ADDBA2D22A518F50006C42A /* UIImage+ColorImage.m in Sources */,
				2A28B16E22802B1100B224F4 /* MomentConstant.m in Sources */,
				2A28B17622802B1100B224F4 /* Comment.m in Sources */,
				2ADDBA2022A4D4E70006C42A /* EMAvatarNameCell.m in Sources */,
				2A28B1922280311500B224F4 /* Utility.m in Sources */,
				2A28B197228034C600B224F4 /* MMTableView.m in Sources */,
				2A28B16F22802B1100B224F4 /* MLLabelUtil.m in Sources */,
				2ACD5EE622715D3A00A24BF6 /* WXTabBarController.m in Sources */,
				2ACD5EB12271539400A24BF6 /* AppDelegate.m in Sources */,
				2A28B17222802B1100B224F4 /* MomentViewController.m in Sources */,
				2A28B17A22802B1100B224F4 /* MMImagePreviewView.m in Sources */,
				2A28B17122802B1100B224F4 /* MMLocationViewController.m in Sources */,
				2ADDBA1422A4D22A0006C42A /* EMSearchBar.m in Sources */,
				2A28B18322802C9500B224F4 /* JKDBModel.m in Sources */,
				2AC1F47A229BEE180041696E /* DiscoverViewController.m in Sources */,
				2A28B17722802B1100B224F4 /* MLocation.m in Sources */,
				2ADDBA2722A4FF5A0006C42A /* WXPresentNavigationController.m in Sources */,
				2AEE8BB022857EEF00103A9E /* WXChatViewController.m in Sources */,
				2A28B16D22802B1100B224F4 /* MomentUtil.m in Sources */,
				2ADDBA0522A4D0120006C42A /* WXGroupViewController.m in Sources */,
				2AEE8BBA2285819700103A9E /* WXUsersListViewController.m in Sources */,
				2A28B1902280311500B224F4 /* UIView+Geometry.m in Sources */,
				2A4D473E229D26CC00D3FE2C /* FoldingCell.swift in Sources */,
				2ADDBA1822A4D2850006C42A /* EMRefreshViewController.m in Sources */,
				2A4D4741229D273E00D3FE2C /* WXFoldingCell.swift in Sources */,
				2A28B17822802B1100B224F4 /* MMImageListView.m in Sources */,
				2ADDBA1B22A4D3CB0006C42A /* EMRealtimeSearch.m in Sources */,
				2A28B17022802B1100B224F4 /* WKWebViewController.m in Sources */,
				2A28B18422802C9500B224F4 /* JKDBHelper.m in Sources */,
				2ADDBA2122A4D4E70006C42A /* EMBadgeLabel.m in Sources */,
				2A28B17422802B1100B224F4 /* MPicture.m in Sources */,
				2AC1F479229BEE180041696E /* SDEyeAnimationView.m in Sources */,
				2A28B17922802B1100B224F4 /* MMCommentInputView.m in Sources */,
				2AC1F480229BEEA60041696E /* SDShortVideoController.m in Sources */,
				2A28B17322802B1100B224F4 /* Moment.m in Sources */,
			);
			runOnlyForDeploymentPostprocessing = 0;
		};
		2ACD5EC02271539600A24BF6 /* Sources */ = {
			isa = PBXSourcesBuildPhase;
			buildActionMask = 2147483647;
			files = (
				2ACD5EC92271539600A24BF6 /* WXChatTests.m in Sources */,
			);
			runOnlyForDeploymentPostprocessing = 0;
		};
		2ACD5ECB2271539600A24BF6 /* Sources */ = {
			isa = PBXSourcesBuildPhase;
			buildActionMask = 2147483647;
			files = (
				2ACD5ED42271539600A24BF6 /* WXChatUITests.m in Sources */,
			);
			runOnlyForDeploymentPostprocessing = 0;
		};
/* End PBXSourcesBuildPhase section */

/* Begin PBXTargetDependency section */
		2ACD5EC62271539600A24BF6 /* PBXTargetDependency */ = {
			isa = PBXTargetDependency;
			target = 2ACD5EAB2271539400A24BF6 /* WXChat */;
			targetProxy = 2ACD5EC52271539600A24BF6 /* PBXContainerItemProxy */;
		};
		2ACD5ED12271539600A24BF6 /* PBXTargetDependency */ = {
			isa = PBXTargetDependency;
			target = 2ACD5EAB2271539400A24BF6 /* WXChat */;
			targetProxy = 2ACD5ED02271539600A24BF6 /* PBXContainerItemProxy */;
		};
/* End PBXTargetDependency section */

/* Begin PBXVariantGroup section */
		2ACD5EB52271539400A24BF6 /* Main.storyboard */ = {
			isa = PBXVariantGroup;
			children = (
				2ACD5EB62271539400A24BF6 /* Base */,
			);
			name = Main.storyboard;
			sourceTree = "<group>";
		};
		2ACD5EBA2271539600A24BF6 /* LaunchScreen.storyboard */ = {
			isa = PBXVariantGroup;
			children = (
				2ACD5EBB2271539600A24BF6 /* Base */,
			);
			name = LaunchScreen.storyboard;
			sourceTree = "<group>";
		};
/* End PBXVariantGroup section */

/* Begin XCBuildConfiguration section */
		2ACD5ED62271539600A24BF6 /* Debug */ = {
			isa = XCBuildConfiguration;
			buildSettings = {
				ALWAYS_SEARCH_USER_PATHS = NO;
				CLANG_ANALYZER_NONNULL = YES;
				CLANG_ANALYZER_NUMBER_OBJECT_CONVERSION = YES_AGGRESSIVE;
				CLANG_CXX_LANGUAGE_STANDARD = "gnu++14";
				CLANG_CXX_LIBRARY = "libc++";
				CLANG_ENABLE_MODULES = YES;
				CLANG_ENABLE_OBJC_ARC = YES;
				CLANG_ENABLE_OBJC_WEAK = YES;
				CLANG_WARN_BLOCK_CAPTURE_AUTORELEASING = YES;
				CLANG_WARN_BOOL_CONVERSION = YES;
				CLANG_WARN_COMMA = YES;
				CLANG_WARN_CONSTANT_CONVERSION = YES;
				CLANG_WARN_DEPRECATED_OBJC_IMPLEMENTATIONS = YES;
				CLANG_WARN_DIRECT_OBJC_ISA_USAGE = YES_ERROR;
				CLANG_WARN_DOCUMENTATION_COMMENTS = YES;
				CLANG_WARN_EMPTY_BODY = YES;
				CLANG_WARN_ENUM_CONVERSION = YES;
				CLANG_WARN_INFINITE_RECURSION = YES;
				CLANG_WARN_INT_CONVERSION = YES;
				CLANG_WARN_NON_LITERAL_NULL_CONVERSION = YES;
				CLANG_WARN_OBJC_IMPLICIT_RETAIN_SELF = YES;
				CLANG_WARN_OBJC_LITERAL_CONVERSION = YES;
				CLANG_WARN_OBJC_ROOT_CLASS = YES_ERROR;
				CLANG_WARN_RANGE_LOOP_ANALYSIS = YES;
				CLANG_WARN_STRICT_PROTOTYPES = YES;
				CLANG_WARN_SUSPICIOUS_MOVE = YES;
				CLANG_WARN_UNGUARDED_AVAILABILITY = YES_AGGRESSIVE;
				CLANG_WARN_UNREACHABLE_CODE = YES;
				CLANG_WARN__DUPLICATE_METHOD_MATCH = YES;
				CODE_SIGN_IDENTITY = "iPhone Developer";
				COPY_PHASE_STRIP = NO;
				DEBUG_INFORMATION_FORMAT = dwarf;
				ENABLE_STRICT_OBJC_MSGSEND = YES;
				ENABLE_TESTABILITY = YES;
				GCC_C_LANGUAGE_STANDARD = gnu11;
				GCC_DYNAMIC_NO_PIC = NO;
				GCC_INCREASE_PRECOMPILED_HEADER_SHARING = NO;
				GCC_NO_COMMON_BLOCKS = YES;
				GCC_OPTIMIZATION_LEVEL = 0;
				GCC_PRECOMPILE_PREFIX_HEADER = YES;
				GCC_PREFIX_HEADER = "$(SRCROOT)/PrefixHeader.pch";
				GCC_PREPROCESSOR_DEFINITIONS = (
					"DEBUG=1",
					"$(inherited)",
				);
				GCC_WARN_64_TO_32_BIT_CONVERSION = YES;
				GCC_WARN_ABOUT_RETURN_TYPE = YES_ERROR;
				GCC_WARN_UNDECLARED_SELECTOR = YES;
				GCC_WARN_UNINITIALIZED_AUTOS = YES_AGGRESSIVE;
				GCC_WARN_UNUSED_FUNCTION = YES;
				GCC_WARN_UNUSED_VARIABLE = YES;
				IPHONEOS_DEPLOYMENT_TARGET = 12.2;
				MTL_ENABLE_DEBUG_INFO = INCLUDE_SOURCE;
				MTL_FAST_MATH = YES;
				ONLY_ACTIVE_ARCH = YES;
				SDKROOT = iphoneos;
			};
			name = Debug;
		};
		2ACD5ED72271539600A24BF6 /* Release */ = {
			isa = XCBuildConfiguration;
			buildSettings = {
				ALWAYS_SEARCH_USER_PATHS = NO;
				CLANG_ANALYZER_NONNULL = YES;
				CLANG_ANALYZER_NUMBER_OBJECT_CONVERSION = YES_AGGRESSIVE;
				CLANG_CXX_LANGUAGE_STANDARD = "gnu++14";
				CLANG_CXX_LIBRARY = "libc++";
				CLANG_ENABLE_MODULES = YES;
				CLANG_ENABLE_OBJC_ARC = YES;
				CLANG_ENABLE_OBJC_WEAK = YES;
				CLANG_WARN_BLOCK_CAPTURE_AUTORELEASING = YES;
				CLANG_WARN_BOOL_CONVERSION = YES;
				CLANG_WARN_COMMA = YES;
				CLANG_WARN_CONSTANT_CONVERSION = YES;
				CLANG_WARN_DEPRECATED_OBJC_IMPLEMENTATIONS = YES;
				CLANG_WARN_DIRECT_OBJC_ISA_USAGE = YES_ERROR;
				CLANG_WARN_DOCUMENTATION_COMMENTS = YES;
				CLANG_WARN_EMPTY_BODY = YES;
				CLANG_WARN_ENUM_CONVERSION = YES;
				CLANG_WARN_INFINITE_RECURSION = YES;
				CLANG_WARN_INT_CONVERSION = YES;
				CLANG_WARN_NON_LITERAL_NULL_CONVERSION = YES;
				CLANG_WARN_OBJC_IMPLICIT_RETAIN_SELF = YES;
				CLANG_WARN_OBJC_LITERAL_CONVERSION = YES;
				CLANG_WARN_OBJC_ROOT_CLASS = YES_ERROR;
				CLANG_WARN_RANGE_LOOP_ANALYSIS = YES;
				CLANG_WARN_STRICT_PROTOTYPES = YES;
				CLANG_WARN_SUSPICIOUS_MOVE = YES;
				CLANG_WARN_UNGUARDED_AVAILABILITY = YES_AGGRESSIVE;
				CLANG_WARN_UNREACHABLE_CODE = YES;
				CLANG_WARN__DUPLICATE_METHOD_MATCH = YES;
				CODE_SIGN_IDENTITY = "iPhone Developer";
				COPY_PHASE_STRIP = NO;
				DEBUG_INFORMATION_FORMAT = "dwarf-with-dsym";
				ENABLE_NS_ASSERTIONS = NO;
				ENABLE_STRICT_OBJC_MSGSEND = YES;
				GCC_C_LANGUAGE_STANDARD = gnu11;
				GCC_INCREASE_PRECOMPILED_HEADER_SHARING = NO;
				GCC_NO_COMMON_BLOCKS = YES;
				GCC_PRECOMPILE_PREFIX_HEADER = YES;
				GCC_PREFIX_HEADER = "$(SRCROOT)/PrefixHeader.pch";
				GCC_WARN_64_TO_32_BIT_CONVERSION = YES;
				GCC_WARN_ABOUT_RETURN_TYPE = YES_ERROR;
				GCC_WARN_UNDECLARED_SELECTOR = YES;
				GCC_WARN_UNINITIALIZED_AUTOS = YES_AGGRESSIVE;
				GCC_WARN_UNUSED_FUNCTION = YES;
				GCC_WARN_UNUSED_VARIABLE = YES;
				IPHONEOS_DEPLOYMENT_TARGET = 12.2;
				MTL_ENABLE_DEBUG_INFO = NO;
				MTL_FAST_MATH = YES;
				SDKROOT = iphoneos;
				VALIDATE_PRODUCT = YES;
			};
			name = Release;
		};
		2ACD5ED92271539600A24BF6 /* Debug */ = {
			isa = XCBuildConfiguration;
			baseConfigurationReference = C680DD6B617232EA9969D4D2 /* Pods-WXChat.debug.xcconfig */;
			buildSettings = {
				ASSETCATALOG_COMPILER_APPICON_NAME = AppIcon;
				CLANG_ENABLE_MODULES = YES;
				CODE_SIGN_STYLE = Automatic;
				DEFINES_MODULE = YES;
				DEVELOPMENT_TEAM = GJPPNRS562;
				GCC_PRECOMPILE_PREFIX_HEADER = NO;
				GCC_PREFIX_HEADER = "$(SRCROOT)/Other/PrefixHeader.pch";
				INFOPLIST_FILE = WXChat/Info.plist;
				IPHONEOS_DEPLOYMENT_TARGET = 9.0;
				LD_RUNPATH_SEARCH_PATHS = (
					"$(inherited)",
					"@executable_path/Frameworks",
				);
				PRODUCT_BUNDLE_IDENTIFIER = WX.WXChat;
				PRODUCT_NAME = "$(TARGET_NAME)";
				SWIFT_OBJC_BRIDGING_HEADER = "Other/WXChat-Bridging-Header.h";
				SWIFT_OPTIMIZATION_LEVEL = "-Onone";
				SWIFT_VERSION = 4.2;
				TARGETED_DEVICE_FAMILY = "1,2";
			};
			name = Debug;
		};
		2ACD5EDA2271539600A24BF6 /* Release */ = {
			isa = XCBuildConfiguration;
			baseConfigurationReference = 1819C161891D6A6D3180248E /* Pods-WXChat.release.xcconfig */;
			buildSettings = {
				ASSETCATALOG_COMPILER_APPICON_NAME = AppIcon;
				CLANG_ENABLE_MODULES = YES;
				CODE_SIGN_STYLE = Automatic;
				DEFINES_MODULE = YES;
				DEVELOPMENT_TEAM = GJPPNRS562;
				GCC_PRECOMPILE_PREFIX_HEADER = NO;
				GCC_PREFIX_HEADER = "$(SRCROOT)/Other/PrefixHeader.pch";
				INFOPLIST_FILE = WXChat/Info.plist;
				IPHONEOS_DEPLOYMENT_TARGET = 9.0;
				LD_RUNPATH_SEARCH_PATHS = (
					"$(inherited)",
					"@executable_path/Frameworks",
				);
				PRODUCT_BUNDLE_IDENTIFIER = WX.WXChat;
				PRODUCT_NAME = "$(TARGET_NAME)";
				SWIFT_OBJC_BRIDGING_HEADER = "Other/WXChat-Bridging-Header.h";
				SWIFT_VERSION = 4.2;
				TARGETED_DEVICE_FAMILY = "1,2";
			};
			name = Release;
		};
		2ACD5EDC2271539600A24BF6 /* Debug */ = {
			isa = XCBuildConfiguration;
			buildSettings = {
				ALWAYS_EMBED_SWIFT_STANDARD_LIBRARIES = YES;
				BUNDLE_LOADER = "$(TEST_HOST)";
				CODE_SIGN_STYLE = Automatic;
				INFOPLIST_FILE = WXChatTests/Info.plist;
				LD_RUNPATH_SEARCH_PATHS = (
					"$(inherited)",
					"@executable_path/Frameworks",
					"@loader_path/Frameworks",
				);
				PRODUCT_BUNDLE_IDENTIFIER = WX.WXChatTests;
				PRODUCT_NAME = "$(TARGET_NAME)";
				TARGETED_DEVICE_FAMILY = "1,2";
				TEST_HOST = "$(BUILT_PRODUCTS_DIR)/WXChat.app/WXChat";
			};
			name = Debug;
		};
		2ACD5EDD2271539600A24BF6 /* Release */ = {
			isa = XCBuildConfiguration;
			buildSettings = {
				ALWAYS_EMBED_SWIFT_STANDARD_LIBRARIES = YES;
				BUNDLE_LOADER = "$(TEST_HOST)";
				CODE_SIGN_STYLE = Automatic;
				INFOPLIST_FILE = WXChatTests/Info.plist;
				LD_RUNPATH_SEARCH_PATHS = (
					"$(inherited)",
					"@executable_path/Frameworks",
					"@loader_path/Frameworks",
				);
				PRODUCT_BUNDLE_IDENTIFIER = WX.WXChatTests;
				PRODUCT_NAME = "$(TARGET_NAME)";
				TARGETED_DEVICE_FAMILY = "1,2";
				TEST_HOST = "$(BUILT_PRODUCTS_DIR)/WXChat.app/WXChat";
			};
			name = Release;
		};
		2ACD5EDF2271539600A24BF6 /* Debug */ = {
			isa = XCBuildConfiguration;
			buildSettings = {
				ALWAYS_EMBED_SWIFT_STANDARD_LIBRARIES = YES;
				CODE_SIGN_STYLE = Automatic;
				INFOPLIST_FILE = WXChatUITests/Info.plist;
				LD_RUNPATH_SEARCH_PATHS = (
					"$(inherited)",
					"@executable_path/Frameworks",
					"@loader_path/Frameworks",
				);
				PRODUCT_BUNDLE_IDENTIFIER = WX.WXChatUITests;
				PRODUCT_NAME = "$(TARGET_NAME)";
				TARGETED_DEVICE_FAMILY = "1,2";
				TEST_TARGET_NAME = WXChat;
			};
			name = Debug;
		};
		2ACD5EE02271539600A24BF6 /* Release */ = {
			isa = XCBuildConfiguration;
			buildSettings = {
				ALWAYS_EMBED_SWIFT_STANDARD_LIBRARIES = YES;
				CODE_SIGN_STYLE = Automatic;
				INFOPLIST_FILE = WXChatUITests/Info.plist;
				LD_RUNPATH_SEARCH_PATHS = (
					"$(inherited)",
					"@executable_path/Frameworks",
					"@loader_path/Frameworks",
				);
				PRODUCT_BUNDLE_IDENTIFIER = WX.WXChatUITests;
				PRODUCT_NAME = "$(TARGET_NAME)";
				TARGETED_DEVICE_FAMILY = "1,2";
				TEST_TARGET_NAME = WXChat;
			};
			name = Release;
		};
/* End XCBuildConfiguration section */

/* Begin XCConfigurationList section */
		2ACD5EA72271539400A24BF6 /* Build configuration list for PBXProject "WXChat" */ = {
			isa = XCConfigurationList;
			buildConfigurations = (
				2ACD5ED62271539600A24BF6 /* Debug */,
				2ACD5ED72271539600A24BF6 /* Release */,
			);
			defaultConfigurationIsVisible = 0;
			defaultConfigurationName = Release;
		};
		2ACD5ED82271539600A24BF6 /* Build configuration list for PBXNativeTarget "WXChat" */ = {
			isa = XCConfigurationList;
			buildConfigurations = (
				2ACD5ED92271539600A24BF6 /* Debug */,
				2ACD5EDA2271539600A24BF6 /* Release */,
			);
			defaultConfigurationIsVisible = 0;
			defaultConfigurationName = Release;
		};
		2ACD5EDB2271539600A24BF6 /* Build configuration list for PBXNativeTarget "WXChatTests" */ = {
			isa = XCConfigurationList;
			buildConfigurations = (
				2ACD5EDC2271539600A24BF6 /* Debug */,
				2ACD5EDD2271539600A24BF6 /* Release */,
			);
			defaultConfigurationIsVisible = 0;
			defaultConfigurationName = Release;
		};
		2ACD5EDE2271539600A24BF6 /* Build configuration list for PBXNativeTarget "WXChatUITests" */ = {
			isa = XCConfigurationList;
			buildConfigurations = (
				2ACD5EDF2271539600A24BF6 /* Debug */,
				2ACD5EE02271539600A24BF6 /* Release */,
			);
			defaultConfigurationIsVisible = 0;
			defaultConfigurationName = Release;
		};
/* End XCConfigurationList section */
	};
	rootObject = 2ACD5EA42271539400A24BF6 /* Project object */;
}
